# This file is autogenerated, do not edit; changes may be undone by the next 'dep ensure'.


[[projects]]
  branch = "master"
  name = "github.com/sergi/go-diff"
  packages = ["diffmatchpatch"]
  revision = "2fc9cd33b5f86077aa3e0f442fa0476a9fa9a1dc"

[[projects]]
  branch = "master"
  name = "golang.org/x/crypto"
  packages = ["curve25519","ed25519","ed25519/internal/edwards25519","ssh"]
  revision = "bd6f299fb381e4c3393d1c4b1f0b94f5e77650c8"

[[projects]]
  name = "gopkg.in/sourcegraph/go-vcsurl.v1"
  packages = ["."]
  revision = "6b12603ea6fd7f84b8c90118face09df39ea10c6"
  version = "v1"

[[projects]]
  name = "gopkg.in/src-d/go-git.v3"
  packages = [".","clients","clients/common","clients/http","clients/ssh","core","diff","formats/idxfile","formats/packfile","formats/pktline","storage/memory","storage/seekable","storage/seekable/internal/gitdir","storage/seekable/internal/index","utils/fs"]
  revision = "02c228585e543413479ea36d3a2bbc80a070eb93"
  version = "v3.2.0"

[solve-meta]
  analyzer-name = "dep"
  analyzer-version = 1
  inputs-digest = "5c33380cd9523f64bae7fdc015406d323bb0c7dd9325a0540a6341b76f71dcdc"
  solver-name = "gps-cdcl"
  solver-version = 1
